{
  "name": "a-fantasian-chronicle",
  "version": "1.0.0",
  "lockfileVersion": 3,
  "requires": true,
  "packages": {
    "": {
      "name": "a-fantasian-chronicle",
      "version": "1.0.0",
      "license": "ISC",
      "dependencies": {
        "tracery": "^1.0.3",
        "tracery-grammar": "^2.7.4"
      }
    },
    "node_modules/connective": {
      "version": "1.0.0",
      "resolved": "https://registry.npmjs.org/connective/-/connective-1.0.0.tgz",
      "integrity": "sha512-wS1nToUJNNZzIBuZg1NIlN1hdKMo4fcLQXSmM+65reUUFi5qgIj1ENUyz2UJad5xYNah2PaWiao6kpbtYQxQXQ=="
    },
    "node_modules/ski": {
      "version": "1.0.0",
      "resolved": "https://registry.npmjs.org/ski/-/ski-1.0.0.tgz",
      "integrity": "sha512-SGXEjLZK9vXLfqf0P9i5w/u01bp83GdYuIwCWxTV1YimpfLdXKWktgAFxBkFwJECddxCOttx7I7a2DIXQbqr2w=="
    },
    "node_modules/tracery": {
      "version": "1.0.3",
      "resolved": "https://registry.npmjs.org/tracery/-/tracery-1.0.3.tgz",
      "integrity": "sha512-nU4/w3tgAvIGn19QjEgRJ+fVY89q0gPi8L3jJwYY+xAIXSNzuYaKMyw3ZfonK+HmmBXSjnYdPVyYRVB0Jp/Z+w==",
      "dependencies": {
        "connective": "~1.0.0",
        "ski": "~1.0.0"
      }
    },
    "node_modules/tracery-grammar": {
      "version": "2.7.4",
      "resolved": "https://registry.npmjs.org/tracery-grammar/-/tracery-grammar-2.7.4.tgz",
      "integrity": "sha512-oFSEconWOSh73kYSkqU137OYa/7+UCohel6wEFHgNh2ito9lDmitz5xr9IU0OIrxjo7UPSdFMzgKAp1c/lsi6A=="
    }
  }
}
